{
    "_readme": [
        "This file locks the dependencies of your project to a known state",
        "Read more about it at https://getcomposer.org/doc/01-basic-usage.md#installing-dependencies",
        "This file is @generated automatically"
    ],
    "content-hash": "8e76912c2e948157a87600241a47419e",
    "packages": [
        {
            "name": "dotherightthing/wpdtrt-debug",
            "version": "1.0.2",
            "source": {
                "type": "git",
                "url": "https://github.com/dotherightthing/wpdtrt-debug.git",
                "reference": "38036744142f6397d3ed23191de68ffd5b2156b6"
            },
            "dist": {
                "type": "zip",
                "url": "https://api.github.com/repos/dotherightthing/wpdtrt-debug/zipball/38036744142f6397d3ed23191de68ffd5b2156b6",
                "reference": "38036744142f6397d3ed23191de68ffd5b2156b6",
                "shasum": "",
                "mirrors": [
                    {
                        "url": "https://repo.packagist.com/dotherightthing/dists/%package%/%version%/%reference%.%type%",
                        "preferred": true
                    }
                ]
            },
            "require": {
                "php": ">=5.6.30"
            },
            "type": "library",
            "autoload": {
                "psr-4": {
                    "DoTheRightThing\\WPDebug\\": "src"
                }
            },
            "notification-url": "https://repo.packagist.com/dotherightthing/downloads/",
            "license": [
                "ISC"
            ],
            "authors": [
                {
                    "name": "Dan Smith",
                    "email": "dev@dotherightthing.co.nz",
                    "homepage": "http://dotherightthing.co.nz",
                    "role": "Developer"
                }
            ],
            "description": "Debugging utilities for use in themes and plugins.",
            "keywords": [
                "debug",
                "utility"
            ],
            "support": {
                "email": "support@dotherightthing.co.nz",
                "issues": "https://github.com/dotherightthing/wpdtrt-debug/issues",
                "source": "https://github.com/dotherightthing/wpdtrt-debug/tree/1.0.2"
            },
            "time": "2018-03-22T09:48:20+00:00"
        },
        {
            "name": "dotherightthing/wpdtrt-plugin-boilerplate",
            "version": "1.4.25",
            "source": {
                "type": "git",
                "url": "https://github.com/dotherightthing/wpdtrt-plugin-boilerplate.git",
                "reference": "18ef6f447e4648413c04706702c5a2ec03a74f62"
            },
            "dist": {
                "type": "zip",
                "url": "https://api.github.com/repos/dotherightthing/wpdtrt-plugin-boilerplate/zipball/18ef6f447e4648413c04706702c5a2ec03a74f62",
                "reference": "18ef6f447e4648413c04706702c5a2ec03a74f62",
                "shasum": "",
                "mirrors": [
                    {
                        "url": "https://repo.packagist.com/dotherightthing/dists/%package%/%version%/%reference%.%type%",
                        "preferred": true
                    }
                ]
            },
            "require": {
                "dotherightthing/wpdtrt-debug": "^1.0.0",
                "gamajo/template-loader": "^1.3.0",
                "php": ">=5.6.30",
                "tgmpa/tgm-plugin-activation": "dev-autoloader"
            },
            "require-dev": {
                "phpdocumentor/phpdocumentor": "2.9.0",
                "phpunit/phpunit": "^5.7",
                "psy/psysh": "~0.6",
                "wp-cli/wp-cli": "~0.22"
            },
            "type": "library",
            "autoload": {
                "psr-4": {
                    "DoTheRightThing\\WPDTRT_Plugin_Boilerplate\\r_1_4_25\\": "src"
                }
            },
            "notification-url": "https://repo.packagist.com/dotherightthing/downloads/",
            "license": [
                "ISC"
            ],
            "authors": [
                {
                    "name": "Dan Smith",
                    "email": "dev@dotherightthing.co.nz",
                    "homepage": "http://dotherightthing.co.nz",
                    "role": "Developer"
                }
            ],
            "description": "Boilerplate for WordPress plugin development.",
            "keywords": [
                "boilerplate",
                "framework"
            ],
            "support": {
                "email": "support@dotherightthing.co.nz",
                "issues": "https://github.com/dotherightthing/wpdtrt-tourdates/issues",
                "source": "https://github.com/dotherightthing/wpdtrt-plugin-boilerplate/tree/1.4.25"
            },
            "time": "2018-06-11T07:32:25+00:00"
        },
        {
            "name": "gamajo/template-loader",
            "version": "1.3.0",
            "source": {
                "type": "git",
                "url": "https://github.com/GaryJones/Gamajo-Template-Loader.git",
                "reference": "05057216f60baebfc4939e1a2b9aae6e89d25c91"
            },
            "dist": {
                "type": "zip",
                "url": "https://api.github.com/repos/GaryJones/Gamajo-Template-Loader/zipball/05057216f60baebfc4939e1a2b9aae6e89d25c91",
                "reference": "05057216f60baebfc4939e1a2b9aae6e89d25c91",
                "shasum": "",
                "mirrors": [
                    {
                        "url": "https://repo.packagist.com/dotherightthing/dists/%package%/%version%/%reference%.%type%",
                        "preferred": true
                    }
                ]
            },
            "require": {
                "php": ">=5.2.4"
            },
            "type": "library",
            "autoload": {
                "classmap": [
                    "class-gamajo-template-loader.php"
                ]
            },
            "notification-url": "https://repo.packagist.com/dotherightthing/downloads/",
            "license": [
                "GPL-2.0+"
            ],
            "authors": [
                {
                    "name": "Gary Jones",
                    "email": "gamajo@gamajo.com",
                    "homepage": "http://gamajo.com",
                    "role": "Developer"
                }
            ],
            "description": "A class for your WordPress plugin, to allow loading template parts with fallback through the child theme > parent theme > plugin",
            "homepage": "http://github.com/GaryJones/Gamajo-Template-Loader",
            "keywords": [
                "templates",
                "wordpress"
            ],
            "time": "2017-03-24T17:28:34+00:00"
        },
        {
            "name": "tgmpa/tgm-plugin-activation",
            "version": "dev-autoloader",
            "source": {
                "type": "git",
                "url": "https://github.com/dotherightthing/tgm-plugin-activation",
                "reference": "autoloader"
            },
            "dist": {
                "type": "zip",
                "url": "https://repo.packagist.com/dotherightthing/dists/tgmpa/tgm-plugin-activation/dev-autoloader/ef2f7ea77f8a01b69263bee789ff9cc3.zip",
                "reference": "autoloader",
                "shasum": null,
                "mirrors": [
                    {
                        "url": "https://repo.packagist.com/dotherightthing/dists/%package%/%version%/%reference%.%type%",
                        "preferred": true
                    }
                ]
            },
            "type": "library",
            "notification-url": "https://repo.packagist.com/dotherightthing/downloads/",
            "time": "2018-05-30T03:21:48+00:00"
        }
    ],
    "packages-dev": [
        {
            "name": "ambrosite/nextprevious-post-link-plus",
            "version": "2.4.0",
            "source": {
                "type": "svn",
                "url": "https://plugins.svn.wordpress.org/ambrosite-nextprevious-post-link-plus/",
                "reference": "trunk/"
            },
            "dist": {
                "type": "zip",
                "url": "https://repo.packagist.com/dotherightthing/dists/ambrosite/nextprevious-post-link-plus/2.4.0.0/4e3a55e2a9734425e24eb78aa4793941.zip",
                "reference": "trunk/",
                "shasum": null,
                "mirrors": [
                    {
                        "url": "https://repo.packagist.com/dotherightthing/dists/%package%/%version%/%reference%.%type%",
                        "preferred": true
                    }
                ]
            },
            "type": "library",
            "notification-url": "https://repo.packagist.com/dotherightthing/downloads/"
        }
    ],
    "aliases": [],
    "minimum-stability": "dev",
    "stability-flags": [],
    "prefer-stable": true,
    "prefer-lowest": false,
    "platform": [],
    "platform-dev": []
}
